
Microsoft Visual Studio Solution File, Format Version 12.00
# Visual Studio Version 16
VisualStudioVersion = 16.0.33529.622
MinimumVisualStudioVersion = 10.0.40219.1
Project("{FAE04EC0-301F-11D3-BF4B-00C04F79EFBC}") = "ToDoXF.Android", "ToDoXF.Android\ToDoXF.Android.csproj", "{93737E62-9F21-4C0F-A0A8-6FA97A46AB21}"
EndProject
Project("{FAE04EC0-301F-11D3-BF4B-00C04F79EFBC}") = "ToDoXF", "ToDoXF\ToDoXF.csproj", "{2832DB97-EDE4-4386-9AC3-DBF6F43E9A3C}"
EndProject
Global
	GlobalSection(SolutionConfigurationPlatforms) = preSolution
		Debug|Any CPU = Debug|Any CPU
		Release|Any CPU = Release|Any CPU
	EndGlobalSection
	GlobalSection(ProjectConfigurationPlatforms) = postSolution
		{93737E62-9F21-4C0F-A0A8-6FA97A46AB21}.Debug|Any CPU.ActiveCfg = Debug|Any CPU
		{93737E62-9F21-4C0F-A0A8-6FA97A46AB21}.Debug|Any CPU.Build.0 = Debug|Any CPU
		{93737E62-9F21-4C0F-A0A8-6FA97A46AB21}.Debug|Any CPU.Deploy.0 = Debug|Any CPU
		{93737E62-9F21-4C0F-A0A8-6FA97A46AB21}.Release|Any CPU.ActiveCfg = Release|Any CPU
		{93737E62-9F21-4C0F-A0A8-6FA97A46AB21}.Release|Any CPU.Build.0 = Release|Any CPU
		{93737E62-9F21-4C0F-A0A8-6FA97A46AB21}.Release|Any CPU.Deploy.0 = Release|Any CPU
		{2832DB97-EDE4-4386-9AC3-DBF6F43E9A3C}.Debug|Any CPU.ActiveCfg = Debug|Any CPU
		{2832DB97-EDE4-4386-9AC3-DBF6F43E9A3C}.Debug|Any CPU.Build.0 = Debug|Any CPU
		{2832DB97-EDE4-4386-9AC3-DBF6F43E9A3C}.Debug|Any CPU.Deploy.0 = Debug|Any CPU
		{2832DB97-EDE4-4386-9AC3-DBF6F43E9A3C}.Release|Any CPU.ActiveCfg = Release|Any CPU
		{2832DB97-EDE4-4386-9AC3-DBF6F43E9A3C}.Release|Any CPU.Build.0 = Release|Any CPU
		{2832DB97-EDE4-4386-9AC3-DBF6F43E9A3C}.Release|Any CPU.Deploy.0 = Release|Any CPU
	EndGlobalSection
	GlobalSection(SolutionProperties) = preSolution
		HideSolutionNode = FALSE
	EndGlobalSection
	GlobalSection(ExtensibilityGlobals) = postSolution
		SolutionGuid = {1E0676AE-2BCF-4EE6-874C-66AE616DF0FE}
	EndGlobalSection
EndGlobal
